
Microsoft Visual Studio Solution File, Format Version 12.00
# Visual Studio Version 17
VisualStudioVersion = 17.1.32228.430
MinimumVisualStudioVersion = 10.0.40219.1
Project("{FAE04EC0-301F-11D3-BF4B-00C04F79EFBC}") = "ConsoleApp1", "ConsoleApp1\ConsoleApp1.csproj", "{7041B6E0-DB7F-48F0-A59B-91163E301594}"
EndProject
Global
	GlobalSection(SolutionConfigurationPlatforms) = preSolution
		Debug|Any CPU = Debug|Any CPU
		Release|Any CPU = Release|Any CPU
	EndGlobalSection
	GlobalSection(ProjectConfigurationPlatforms) = postSolution
		{7041B6E0-DB7F-48F0-A59B-91163E301594}.Debug|Any CPU.ActiveCfg = Debug|Any CPU
		{7041B6E0-DB7F-48F0-A59B-91163E301594}.Debug|Any CPU.Build.0 = Debug|Any CPU
		{7041B6E0-DB7F-48F0-A59B-91163E301594}.Release|Any CPU.ActiveCfg = Release|Any CPU
		{7041B6E0-DB7F-48F0-A59B-91163E301594}.Release|Any CPU.Build.0 = Release|Any CPU
	EndGlobalSection
	GlobalSection(SolutionProperties) = preSolution
		HideSolutionNode = FALSE
	EndGlobalSection
	GlobalSection(ExtensibilityGlobals) = postSolution
		SolutionGuid = {F6859ACC-7650-4CE0-A08B-821F2187112F}
	EndGlobalSection
EndGlobal
