
Microsoft Visual Studio Solution File, Format Version 12.00
# Visual Studio Version 17
VisualStudioVersion = 17.1.32228.430
MinimumVisualStudioVersion = 10.0.40219.1
Project("{FAE04EC0-301F-11D3-BF4B-00C04F79EFBC}") = "IMC", "IMC\IMC.csproj", "{C6371E8D-5AE6-408C-93BD-4CC659728151}"
EndProject
Global
	GlobalSection(SolutionConfigurationPlatforms) = preSolution
		Debug|Any CPU = Debug|Any CPU
		Release|Any CPU = Release|Any CPU
	EndGlobalSection
	GlobalSection(ProjectConfigurationPlatforms) = postSolution
		{C6371E8D-5AE6-408C-93BD-4CC659728151}.Debug|Any CPU.ActiveCfg = Debug|Any CPU
		{C6371E8D-5AE6-408C-93BD-4CC659728151}.Debug|Any CPU.Build.0 = Debug|Any CPU
		{C6371E8D-5AE6-408C-93BD-4CC659728151}.Release|Any CPU.ActiveCfg = Release|Any CPU
		{C6371E8D-5AE6-408C-93BD-4CC659728151}.Release|Any CPU.Build.0 = Release|Any CPU
	EndGlobalSection
	GlobalSection(SolutionProperties) = preSolution
		HideSolutionNode = FALSE
	EndGlobalSection
	GlobalSection(ExtensibilityGlobals) = postSolution
		SolutionGuid = {39E587E4-52F8-4A54-ABB1-307210C8396A}
	EndGlobalSection
EndGlobal
